
Microsoft Visual Studio Solution File, Format Version 12.00
# Visual Studio Version 17
VisualStudioVersion = 17.3.32804.467
MinimumVisualStudioVersion = 10.0.40219.1
Project("{FAE04EC0-301F-11D3-BF4B-00C04F79EFBC}") = "PracticalWork5", "PracticalWork5.csproj", "{4FE97023-EB2A-495A-97CF-F4FD0364E36B}"
EndProject
Global
	GlobalSection(SolutionConfigurationPlatforms) = preSolution
		Debug|Any CPU = Debug|Any CPU
		Release|Any CPU = Release|Any CPU
	EndGlobalSection
	GlobalSection(ProjectConfigurationPlatforms) = postSolution
		{4FE97023-EB2A-495A-97CF-F4FD0364E36B}.Debug|Any CPU.ActiveCfg = Debug|Any CPU
		{4FE97023-EB2A-495A-97CF-F4FD0364E36B}.Debug|Any CPU.Build.0 = Debug|Any CPU
		{4FE97023-EB2A-495A-97CF-F4FD0364E36B}.Release|Any CPU.ActiveCfg = Release|Any CPU
		{4FE97023-EB2A-495A-97CF-F4FD0364E36B}.Release|Any CPU.Build.0 = Release|Any CPU
	EndGlobalSection
	GlobalSection(SolutionProperties) = preSolution
		HideSolutionNode = FALSE
	EndGlobalSection
	GlobalSection(ExtensibilityGlobals) = postSolution
		SolutionGuid = {83D3FD0B-98C6-43FE-8FF5-2E869B60713B}
	EndGlobalSection
EndGlobal
