
Microsoft Visual Studio Solution File, Format Version 12.00
# Visual Studio Version 17
VisualStudioVersion = 17.3.32825.248
MinimumVisualStudioVersion = 10.0.40219.1
Project("{FAE04EC0-301F-11D3-BF4B-00C04F79EFBC}") = "PracticalWork6", "PracticalWork6\PracticalWork6.csproj", "{ECF1A8A1-E859-4949-9C2F-E22775BCB00B}"
EndProject
Global
	GlobalSection(SolutionConfigurationPlatforms) = preSolution
		Debug|Any CPU = Debug|Any CPU
		Release|Any CPU = Release|Any CPU
	EndGlobalSection
	GlobalSection(ProjectConfigurationPlatforms) = postSolution
		{ECF1A8A1-E859-4949-9C2F-E22775BCB00B}.Debug|Any CPU.ActiveCfg = Debug|Any CPU
		{ECF1A8A1-E859-4949-9C2F-E22775BCB00B}.Debug|Any CPU.Build.0 = Debug|Any CPU
		{ECF1A8A1-E859-4949-9C2F-E22775BCB00B}.Release|Any CPU.ActiveCfg = Release|Any CPU
		{ECF1A8A1-E859-4949-9C2F-E22775BCB00B}.Release|Any CPU.Build.0 = Release|Any CPU
	EndGlobalSection
	GlobalSection(SolutionProperties) = preSolution
		HideSolutionNode = FALSE
	EndGlobalSection
	GlobalSection(ExtensibilityGlobals) = postSolution
		SolutionGuid = {56751561-C359-45C5-98CF-B528028A788F}
	EndGlobalSection
EndGlobal
