
Microsoft Visual Studio Solution File, Format Version 12.00
# Visual Studio Version 17
VisualStudioVersion = 17.1.32421.90
MinimumVisualStudioVersion = 10.0.40219.1
Project("{FAE04EC0-301F-11D3-BF4B-00C04F79EFBC}") = "PracticalWork4", "PracticalWork4.csproj", "{AF89F8BF-A3E2-4CB2-9AD8-456C19B0E7BB}"
EndProject
Global
	GlobalSection(SolutionConfigurationPlatforms) = preSolution
		Debug|Any CPU = Debug|Any CPU
		Release|Any CPU = Release|Any CPU
	EndGlobalSection
	GlobalSection(ProjectConfigurationPlatforms) = postSolution
		{AF89F8BF-A3E2-4CB2-9AD8-456C19B0E7BB}.Debug|Any CPU.ActiveCfg = Debug|Any CPU
		{AF89F8BF-A3E2-4CB2-9AD8-456C19B0E7BB}.Debug|Any CPU.Build.0 = Debug|Any CPU
		{AF89F8BF-A3E2-4CB2-9AD8-456C19B0E7BB}.Release|Any CPU.ActiveCfg = Release|Any CPU
		{AF89F8BF-A3E2-4CB2-9AD8-456C19B0E7BB}.Release|Any CPU.Build.0 = Release|Any CPU
	EndGlobalSection
	GlobalSection(SolutionProperties) = preSolution
		HideSolutionNode = FALSE
	EndGlobalSection
	GlobalSection(ExtensibilityGlobals) = postSolution
		SolutionGuid = {81980061-5899-4E0A-8AA7-C4E600A5535D}
	EndGlobalSection
EndGlobal
